// !$*UTF8*$!
{
	archiveVersion = 1;
	classes = {
	};
	objectVersion = 50;
	objects = {

/* Begin PBXBuildFile section */
		B618531921E32EA900AB7EFC /* AppDelegate.swift in Sources */ = {isa = PBXBuildFile; fileRef = B618531821E32EA900AB7EFC /* AppDelegate.swift */; };
		B618531B21E32EA900AB7EFC /* ViewController.swift in Sources */ = {isa = PBXBuildFile; fileRef = B618531A21E32EA900AB7EFC /* ViewController.swift */; };
		B618531E21E32EA900AB7EFC /* Main.storyboard in Resources */ = {isa = PBXBuildFile; fileRef = B618531C21E32EA900AB7EFC /* Main.storyboard */; };
		B618532021E32EAA00AB7EFC /* Assets.xcassets in Resources */ = {isa = PBXBuildFile; fileRef = B618531F21E32EAA00AB7EFC /* Assets.xcassets */; };
		B618532321E32EAA00AB7EFC /* LaunchScreen.storyboard in Resources */ = {isa = PBXBuildFile; fileRef = B618532121E32EAA00AB7EFC /* LaunchScreen.storyboard */; };
		B618533521E32EC800AB7EFC /* ScanView.swift in Sources */ = {isa = PBXBuildFile; fileRef = B618532D21E32EC800AB7EFC /* ScanView.swift */; };
		B618533B21E32EC800AB7EFC /* ScanViewController.swift in Sources */ = {isa = PBXBuildFile; fileRef = B618533321E32EC800AB7EFC /* ScanViewController.swift */; };
		B618533D21E32F0800AB7EFC /* Permissions.swift in Sources */ = {isa = PBXBuildFile; fileRef = B618533C21E32F0800AB7EFC /* Permissions.swift */; };
		B618534321E335FA00AB7EFC /* ScanWrapper.swift in Sources */ = {isa = PBXBuildFile; fileRef = B618534221E335FA00AB7EFC /* ScanWrapper.swift */; };
		B618534521E3364A00AB7EFC /* ScanResult.swift in Sources */ = {isa = PBXBuildFile; fileRef = B618534421E3364A00AB7EFC /* ScanResult.swift */; };
		B618534721E364C500AB7EFC /* ScanStyle.swift in Sources */ = {isa = PBXBuildFile; fileRef = B618534621E364C500AB7EFC /* ScanStyle.swift */; };
		B618534921E3667500AB7EFC /* ScanLineAnimator.swift in Sources */ = {isa = PBXBuildFile; fileRef = B618534821E3667500AB7EFC /* ScanLineAnimator.swift */; };
		B618534B21E367CD00AB7EFC /* ScanNetAnimator.swift in Sources */ = {isa = PBXBuildFile; fileRef = B618534A21E367CD00AB7EFC /* ScanNetAnimator.swift */; };
/* End PBXBuildFile section */

/* Begin PBXFileReference section */
		B618531521E32EA900AB7EFC /* LYQRCodeScan.app */ = {isa = PBXFileReference; explicitFileType = wrapper.application; includeInIndex = 0; path = LYQRCodeScan.app; sourceTree = BUILT_PRODUCTS_DIR; };
		B618531821E32EA900AB7EFC /* AppDelegate.swift */ = {isa = PBXFileReference; lastKnownFileType = sourcecode.swift; path = AppDelegate.swift; sourceTree = "<group>"; };
		B618531A21E32EA900AB7EFC /* ViewController.swift */ = {isa = PBXFileReference; lastKnownFileType = sourcecode.swift; path = ViewController.swift; sourceTree = "<group>"; };
		B618531D21E32EA900AB7EFC /* Base */ = {isa = PBXFileReference; lastKnownFileType = file.storyboard; name = Base; path = Base.lproj/Main.storyboard; sourceTree = "<group>"; };
		B618531F21E32EAA00AB7EFC /* Assets.xcassets */ = {isa = PBXFileReference; lastKnownFileType = folder.assetcatalog; path = Assets.xcassets; sourceTree = "<group>"; };
		B618532221E32EAA00AB7EFC /* Base */ = {isa = PBXFileReference; lastKnownFileType = file.storyboard; name = Base; path = Base.lproj/LaunchScreen.storyboard; sourceTree = "<group>"; };
		B618532421E32EAA00AB7EFC /* Info.plist */ = {isa = PBXFileReference; lastKnownFileType = text.plist.xml; path = Info.plist; sourceTree = "<group>"; };
		B618532D21E32EC800AB7EFC /* ScanView.swift */ = {isa = PBXFileReference; fileEncoding = 4; lastKnownFileType = sourcecode.swift; path = ScanView.swift; sourceTree = "<group>"; };
		B618533321E32EC800AB7EFC /* ScanViewController.swift */ = {isa = PBXFileReference; fileEncoding = 4; lastKnownFileType = sourcecode.swift; path = ScanViewController.swift; sourceTree = "<group>"; };
		B618533C21E32F0800AB7EFC /* Permissions.swift */ = {isa = PBXFileReference; lastKnownFileType = sourcecode.swift; path = Permissions.swift; sourceTree = "<group>"; };
		B618534221E335FA00AB7EFC /* ScanWrapper.swift */ = {isa = PBXFileReference; lastKnownFileType = sourcecode.swift; path = ScanWrapper.swift; sourceTree = "<group>"; };
		B618534421E3364A00AB7EFC /* ScanResult.swift */ = {isa = PBXFileReference; lastKnownFileType = sourcecode.swift; path = ScanResult.swift; sourceTree = "<group>"; };
		B618534621E364C500AB7EFC /* ScanStyle.swift */ = {isa = PBXFileReference; lastKnownFileType = sourcecode.swift; path = ScanStyle.swift; sourceTree = "<group>"; };
		B618534821E3667500AB7EFC /* ScanLineAnimator.swift */ = {isa = PBXFileReference; lastKnownFileType = sourcecode.swift; path = ScanLineAnimator.swift; sourceTree = "<group>"; };
		B618534A21E367CD00AB7EFC /* ScanNetAnimator.swift */ = {isa = PBXFileReference; lastKnownFileType = sourcecode.swift; path = ScanNetAnimator.swift; sourceTree = "<group>"; };
/* End PBXFileReference section */

/* Begin PBXFrameworksBuildPhase section */
		B618531221E32EA900AB7EFC /* Frameworks */ = {
			isa = PBXFrameworksBuildPhase;
			buildActionMask = 2147483647;
			files = (
			);
			runOnlyForDeploymentPostprocessing = 0;
		};
/* End PBXFrameworksBuildPhase section */

/* Begin PBXGroup section */
		B618530C21E32EA900AB7EFC = {
			isa = PBXGroup;
			children = (
				B618531721E32EA900AB7EFC /* LYQRCodeScan */,
				B618531621E32EA900AB7EFC /* Products */,
			);
			sourceTree = "<group>";
		};
		B618531621E32EA900AB7EFC /* Products */ = {
			isa = PBXGroup;
			children = (
				B618531521E32EA900AB7EFC /* LYQRCodeScan.app */,
			);
			name = Products;
			sourceTree = "<group>";
		};
		B618531721E32EA900AB7EFC /* LYQRCodeScan */ = {
			isa = PBXGroup;
			children = (
				B618532B21E32EC800AB7EFC /* QRCode */,
				B618531821E32EA900AB7EFC /* AppDelegate.swift */,
				B618531A21E32EA900AB7EFC /* ViewController.swift */,
				B618531C21E32EA900AB7EFC /* Main.storyboard */,
				B618531F21E32EAA00AB7EFC /* Assets.xcassets */,
				B618532121E32EAA00AB7EFC /* LaunchScreen.storyboard */,
				B618532421E32EAA00AB7EFC /* Info.plist */,
			);
			path = LYQRCodeScan;
			sourceTree = "<group>";
		};
		B618532B21E32EC800AB7EFC /* QRCode */ = {
			isa = PBXGroup;
			children = (
				B618532D21E32EC800AB7EFC /* ScanView.swift */,
				B618534821E3667500AB7EFC /* ScanLineAnimator.swift */,
				B618534A21E367CD00AB7EFC /* ScanNetAnimator.swift */,
				B618534621E364C500AB7EFC /* ScanStyle.swift */,
				B618533321E32EC800AB7EFC /* ScanViewController.swift */,
				B618533C21E32F0800AB7EFC /* Permissions.swift */,
				B618534221E335FA00AB7EFC /* ScanWrapper.swift */,
				B618534421E3364A00AB7EFC /* ScanResult.swift */,
			);
			path = "\U0012QRCode";
			sourceTree = "<group>";
		};
/* End PBXGroup section */

/* Begin PBXNativeTarget section */
		B618531421E32EA900AB7EFC /* LYQRCodeScan */ = {
			isa = PBXNativeTarget;
			buildConfigurationList = B618532721E32EAA00AB7EFC /* Build configuration list for PBXNativeTarget "LYQRCodeScan" */;
			buildPhases = (
				B618531121E32EA900AB7EFC /* Sources */,
				B618531221E32EA900AB7EFC /* Frameworks */,
				B618531321E32EA900AB7EFC /* Resources */,
			);
			buildRules = (
			);
			dependencies = (
			);
			name = LYQRCodeScan;
			productName = LYQRCodeScan;
			productReference = B618531521E32EA900AB7EFC /* LYQRCodeScan.app */;
			productType = "com.apple.product-type.application";
		};
/* End PBXNativeTarget section */

/* Begin PBXProject section */
		B618530D21E32EA900AB7EFC /* Project object */ = {
			isa = PBXProject;
			attributes = {
				LastSwiftUpdateCheck = 1010;
				LastUpgradeCheck = 1010;
				ORGANIZATIONNAME = rrl360;
				TargetAttributes = {
					B618531421E32EA900AB7EFC = {
						CreatedOnToolsVersion = 10.1;
					};
				};
			};
			buildConfigurationList = B618531021E32EA900AB7EFC /* Build configuration list for PBXProject "LYQRCodeScan" */;
			compatibilityVersion = "Xcode 9.3";
			developmentRegion = en;
			hasScannedForEncodings = 0;
			knownRegions = (
				en,
				Base,
			);
			mainGroup = B618530C21E32EA900AB7EFC;
			productRefGroup = B618531621E32EA900AB7EFC /* Products */;
			projectDirPath = "";
			projectRoot = "";
			targets = (
				B618531421E32EA900AB7EFC /* LYQRCodeScan */,
			);
		};
/* End PBXProject section */

/* Begin PBXResourcesBuildPhase section */
		B618531321E32EA900AB7EFC /* Resources */ = {
			isa = PBXResourcesBuildPhase;
			buildActionMask = 2147483647;
			files = (
				B618532321E32EAA00AB7EFC /* LaunchScreen.storyboard in Resources */,
				B618532021E32EAA00AB7EFC /* Assets.xcassets in Resources */,
				B618531E21E32EA900AB7EFC /* Main.storyboard in Resources */,
			);
			runOnlyForDeploymentPostprocessing = 0;
		};
/* End PBXResourcesBuildPhase section */

/* Begin PBXSourcesBuildPhase section */
		B618531121E32EA900AB7EFC /* Sources */ = {
			isa = PBXSourcesBuildPhase;
			buildActionMask = 2147483647;
			files = (
				B618531B21E32EA900AB7EFC /* ViewController.swift in Sources */,
				B618534721E364C500AB7EFC /* ScanStyle.swift in Sources */,
				B618534B21E367CD00AB7EFC /* ScanNetAnimator.swift in Sources */,
				B618534521E3364A00AB7EFC /* ScanResult.swift in Sources */,
				B618534921E3667500AB7EFC /* ScanLineAnimator.swift in Sources */,
				B618534321E335FA00AB7EFC /* ScanWrapper.swift in Sources */,
				B618533B21E32EC800AB7EFC /* ScanViewController.swift in Sources */,
				B618533521E32EC800AB7EFC /* ScanView.swift in Sources */,
				B618533D21E32F0800AB7EFC /* Permissions.swift in Sources */,
				B618531921E32EA900AB7EFC /* AppDelegate.swift in Sources */,
			);
			runOnlyForDeploymentPostprocessing = 0;
		};
/* End PBXSourcesBuildPhase section */

/* Begin PBXVariantGroup section */
		B618531C21E32EA900AB7EFC /* Main.storyboard */ = {
			isa = PBXVariantGroup;
			children = (
				B618531D21E32EA900AB7EFC /* Base */,
			);
			name = Main.storyboard;
			sourceTree = "<group>";
		};
		B618532121E32EAA00AB7EFC /* LaunchScreen.storyboard */ = {
			isa = PBXVariantGroup;
			children = (
				B618532221E32EAA00AB7EFC /* Base */,
			);
			name = LaunchScreen.storyboard;
			sourceTree = "<group>";
		};
/* End PBXVariantGroup section */

/* Begin XCBuildConfiguration section */
		B618532521E32EAA00AB7EFC /* Debug */ = {
			isa = XCBuildConfiguration;
			buildSettings = {
				ALWAYS_SEARCH_USER_PATHS = NO;
				CLANG_ANALYZER_NONNULL = YES;
				CLANG_ANALYZER_NUMBER_OBJECT_CONVERSION = YES_AGGRESSIVE;
				CLANG_CXX_LANGUAGE_STANDARD = "gnu++14";
				CLANG_CXX_LIBRARY = "libc++";
				CLANG_ENABLE_MODULES = YES;
				CLANG_ENABLE_OBJC_ARC = YES;
				CLANG_ENABLE_OBJC_WEAK = YES;
				CLANG_WARN_BLOCK_CAPTURE_AUTORELEASING = YES;
				CLANG_WARN_BOOL_CONVERSION = YES;
				CLANG_WARN_COMMA = YES;
				CLANG_WARN_CONSTANT_CONVERSION = YES;
				CLANG_WARN_DEPRECATED_OBJC_IMPLEMENTATIONS = YES;
				CLANG_WARN_DIRECT_OBJC_ISA_USAGE = YES_ERROR;
				CLANG_WARN_DOCUMENTATION_COMMENTS = YES;
				CLANG_WARN_EMPTY_BODY = YES;
				CLANG_WARN_ENUM_CONVERSION = YES;
				CLANG_WARN_INFINITE_RECURSION = YES;
				CLANG_WARN_INT_CONVERSION = YES;
				CLANG_WARN_NON_LITERAL_NULL_CONVERSION = YES;
				CLANG_WARN_OBJC_IMPLICIT_RETAIN_SELF = YES;
				CLANG_WARN_OBJC_LITERAL_CONVERSION = YES;
				CLANG_WARN_OBJC_ROOT_CLASS = YES_ERROR;
				CLANG_WARN_RANGE_LOOP_ANALYSIS = YES;
				CLANG_WARN_STRICT_PROTOTYPES = YES;
				CLANG_WARN_SUSPICIOUS_MOVE = YES;
				CLANG_WARN_UNGUARDED_AVAILABILITY = YES_AGGRESSIVE;
				CLANG_WARN_UNREACHABLE_CODE = YES;
				CLANG_WARN__DUPLICATE_METHOD_MATCH = YES;
				CODE_SIGN_IDENTITY = "iPhone Developer";
				COPY_PHASE_STRIP = NO;
				DEBUG_INFORMATION_FORMAT = dwarf;
				ENABLE_STRICT_OBJC_MSGSEND = YES;
				ENABLE_TESTABILITY = YES;
				GCC_C_LANGUAGE_STANDARD = gnu11;
				GCC_DYNAMIC_NO_PIC = NO;
				GCC_NO_COMMON_BLOCKS = YES;
				GCC_OPTIMIZATION_LEVEL = 0;
				GCC_PREPROCESSOR_DEFINITIONS = (
					"DEBUG=1",
					"$(inherited)",
				);
				GCC_WARN_64_TO_32_BIT_CONVERSION = YES;
				GCC_WARN_ABOUT_RETURN_TYPE = YES_ERROR;
				GCC_WARN_UNDECLARED_SELECTOR = YES;
				GCC_WARN_UNINITIALIZED_AUTOS = YES_AGGRESSIVE;
				GCC_WARN_UNUSED_FUNCTION = YES;
				GCC_WARN_UNUSED_VARIABLE = YES;
				IPHONEOS_DEPLOYMENT_TARGET = 12.1;
				MTL_ENABLE_DEBUG_INFO = INCLUDE_SOURCE;
				MTL_FAST_MATH = YES;
				ONLY_ACTIVE_ARCH = YES;
				SDKROOT = iphoneos;
				SWIFT_ACTIVE_COMPILATION_CONDITIONS = DEBUG;
				SWIFT_OPTIMIZATION_LEVEL = "-Onone";
			};
			name = Debug;
		};
		B618532621E32EAA00AB7EFC /* Release */ = {
			isa = XCBuildConfiguration;
			buildSettings = {
				ALWAYS_SEARCH_USER_PATHS = NO;
				CLANG_ANALYZER_NONNULL = YES;
				CLANG_ANALYZER_NUMBER_OBJECT_CONVERSION = YES_AGGRESSIVE;
				CLANG_CXX_LANGUAGE_STANDARD = "gnu++14";
				CLANG_CXX_LIBRARY = "libc++";
				CLANG_ENABLE_MODULES = YES;
				CLANG_ENABLE_OBJC_ARC = YES;
				CLANG_ENABLE_OBJC_WEAK = YES;
				CLANG_WARN_BLOCK_CAPTURE_AUTORELEASING = YES;
				CLANG_WARN_BOOL_CONVERSION = YES;
				CLANG_WARN_COMMA = YES;
				CLANG_WARN_CONSTANT_CONVERSION = YES;
				CLANG_WARN_DEPRECATED_OBJC_IMPLEMENTATIONS = YES;
				CLANG_WARN_DIRECT_OBJC_ISA_USAGE = YES_ERROR;
				CLANG_WARN_DOCUMENTATION_COMMENTS = YES;
				CLANG_WARN_EMPTY_BODY = YES;
				CLANG_WARN_ENUM_CONVERSION = YES;
				CLANG_WARN_INFINITE_RECURSION = YES;
				CLANG_WARN_INT_CONVERSION = YES;
				CLANG_WARN_NON_LITERAL_NULL_CONVERSION = YES;
				CLANG_WARN_OBJC_IMPLICIT_RETAIN_SELF = YES;
				CLANG_WARN_OBJC_LITERAL_CONVERSION = YES;
				CLANG_WARN_OBJC_ROOT_CLASS = YES_ERROR;
				CLANG_WARN_RANGE_LOOP_ANALYSIS = YES;
				CLANG_WARN_STRICT_PROTOTYPES = YES;
				CLANG_WARN_SUSPICIOUS_MOVE = YES;
				CLANG_WARN_UNGUARDED_AVAILABILITY = YES_AGGRESSIVE;
				CLANG_WARN_UNREACHABLE_CODE = YES;
				CLANG_WARN__DUPLICATE_METHOD_MATCH = YES;
				CODE_SIGN_IDENTITY = "iPhone Developer";
				COPY_PHASE_STRIP = NO;
				DEBUG_INFORMATION_FORMAT = "dwarf-with-dsym";
				ENABLE_NS_ASSERTIONS = NO;
				ENABLE_STRICT_OBJC_MSGSEND = YES;
				GCC_C_LANGUAGE_STANDARD = gnu11;
				GCC_NO_COMMON_BLOCKS = YES;
				GCC_WARN_64_TO_32_BIT_CONVERSION = YES;
				GCC_WARN_ABOUT_RETURN_TYPE = YES_ERROR;
				GCC_WARN_UNDECLARED_SELECTOR = YES;
				GCC_WARN_UNINITIALIZED_AUTOS = YES_AGGRESSIVE;
				GCC_WARN_UNUSED_FUNCTION = YES;
				GCC_WARN_UNUSED_VARIABLE = YES;
				IPHONEOS_DEPLOYMENT_TARGET = 12.1;
				MTL_ENABLE_DEBUG_INFO = NO;
				MTL_FAST_MATH = YES;
				SDKROOT = iphoneos;
				SWIFT_COMPILATION_MODE = wholemodule;
				SWIFT_OPTIMIZATION_LEVEL = "-O";
				VALIDATE_PRODUCT = YES;
			};
			name = Release;
		};
		B618532821E32EAA00AB7EFC /* Debug */ = {
			isa = XCBuildConfiguration;
			buildSettings = {
				ASSETCATALOG_COMPILER_APPICON_NAME = AppIcon;
				CODE_SIGN_STYLE = Automatic;
				DEVELOPMENT_TEAM = HA39D4H634;
				INFOPLIST_FILE = LYQRCodeScan/Info.plist;
				LD_RUNPATH_SEARCH_PATHS = (
					"$(inherited)",
					"@executable_path/Frameworks",
				);
				PRODUCT_BUNDLE_IDENTIFIER = com.rrl360.NetDIsk.LYQRCodeScan;
				PRODUCT_NAME = "$(TARGET_NAME)";
				SWIFT_VERSION = 4.2;
				TARGETED_DEVICE_FAMILY = "1,2";
			};
			name = Debug;
		};
		B618532921E32EAA00AB7EFC /* Release */ = {
			isa = XCBuildConfiguration;
			buildSettings = {
				ASSETCATALOG_COMPILER_APPICON_NAME = AppIcon;
				CODE_SIGN_STYLE = Automatic;
				DEVELOPMENT_TEAM = HA39D4H634;
				INFOPLIST_FILE = LYQRCodeScan/Info.plist;
				LD_RUNPATH_SEARCH_PATHS = (
					"$(inherited)",
					"@executable_path/Frameworks",
				);
				PRODUCT_BUNDLE_IDENTIFIER = com.rrl360.NetDIsk.LYQRCodeScan;
				PRODUCT_NAME = "$(TARGET_NAME)";
				SWIFT_VERSION = 4.2;
				TARGETED_DEVICE_FAMILY = "1,2";
			};
			name = Release;
		};
/* End XCBuildConfiguration section */

/* Begin XCConfigurationList section */
		B618531021E32EA900AB7EFC /* Build configuration list for PBXProject "LYQRCodeScan" */ = {
			isa = XCConfigurationList;
			buildConfigurations = (
				B618532521E32EAA00AB7EFC /* Debug */,
				B618532621E32EAA00AB7EFC /* Release */,
			);
			defaultConfigurationIsVisible = 0;
			defaultConfigurationName = Release;
		};
		B618532721E32EAA00AB7EFC /* Build configuration list for PBXNativeTarget "LYQRCodeScan" */ = {
			isa = XCConfigurationList;
			buildConfigurations = (
				B618532821E32EAA00AB7EFC /* Debug */,
				B618532921E32EAA00AB7EFC /* Release */,
			);
			defaultConfigurationIsVisible = 0;
			defaultConfigurationName = Release;
		};
/* End XCConfigurationList section */
	};
	rootObject = B618530D21E32EA900AB7EFC /* Project object */;
}
